// !$*UTF8*$!
{
	archiveVersion = 1;
	classes = {
	};
	objectVersion = 56;
	objects = {

/* Begin PBXBuildFile section */
		E54D3B492B6353FD005C961D /* AppDelegate.swift in Sources */ = {isa = PBXBuildFile; fileRef = E54D3B482B6353FD005C961D /* AppDelegate.swift */; };
		E54D3B4B2B6353FD005C961D /* SceneDelegate.swift in Sources */ = {isa = PBXBuildFile; fileRef = E54D3B4A2B6353FD005C961D /* SceneDelegate.swift */; };
		E54D3B4D2B6353FD005C961D /* ViewController.swift in Sources */ = {isa = PBXBuildFile; fileRef = E54D3B4C2B6353FD005C961D /* ViewController.swift */; };
		E54D3B522B6353FE005C961D /* Assets.xcassets in Resources */ = {isa = PBXBuildFile; fileRef = E54D3B512B6353FE005C961D /* Assets.xcassets */; };
		E54D3B552B6353FE005C961D /* LaunchScreen.storyboard in Resources */ = {isa = PBXBuildFile; fileRef = E54D3B532B6353FE005C961D /* LaunchScreen.storyboard */; };
		E54D3B602B6353FE005C961D /* ProgressBarTests.swift in Sources */ = {isa = PBXBuildFile; fileRef = E54D3B5F2B6353FE005C961D /* ProgressBarTests.swift */; };
		E54D3B6A2B6353FE005C961D /* ProgressBarUITests.swift in Sources */ = {isa = PBXBuildFile; fileRef = E54D3B692B6353FE005C961D /* ProgressBarUITests.swift */; };
		E54D3B6C2B6353FE005C961D /* ProgressBarUITestsLaunchTests.swift in Sources */ = {isa = PBXBuildFile; fileRef = E54D3B6B2B6353FE005C961D /* ProgressBarUITestsLaunchTests.swift */; };
/* End PBXBuildFile section */

/* Begin PBXContainerItemProxy section */
		E54D3B5C2B6353FE005C961D /* PBXContainerItemProxy */ = {
			isa = PBXContainerItemProxy;
			containerPortal = E54D3B3D2B6353FD005C961D /* Project object */;
			proxyType = 1;
			remoteGlobalIDString = E54D3B442B6353FD005C961D;
			remoteInfo = ProgressBar;
		};
		E54D3B662B6353FE005C961D /* PBXContainerItemProxy */ = {
			isa = PBXContainerItemProxy;
			containerPortal = E54D3B3D2B6353FD005C961D /* Project object */;
			proxyType = 1;
			remoteGlobalIDString = E54D3B442B6353FD005C961D;
			remoteInfo = ProgressBar;
		};
/* End PBXContainerItemProxy section */

/* Begin PBXFileReference section */
		E54D3B452B6353FD005C961D /* ProgressBar.app */ = {isa = PBXFileReference; explicitFileType = wrapper.application; includeInIndex = 0; path = ProgressBar.app; sourceTree = BUILT_PRODUCTS_DIR; };
		E54D3B482B6353FD005C961D /* AppDelegate.swift */ = {isa = PBXFileReference; lastKnownFileType = sourcecode.swift; path = AppDelegate.swift; sourceTree = "<group>"; };
		E54D3B4A2B6353FD005C961D /* SceneDelegate.swift */ = {isa = PBXFileReference; lastKnownFileType = sourcecode.swift; path = SceneDelegate.swift; sourceTree = "<group>"; };
		E54D3B4C2B6353FD005C961D /* ViewController.swift */ = {isa = PBXFileReference; lastKnownFileType = sourcecode.swift; path = ViewController.swift; sourceTree = "<group>"; };
		E54D3B512B6353FE005C961D /* Assets.xcassets */ = {isa = PBXFileReference; lastKnownFileType = folder.assetcatalog; path = Assets.xcassets; sourceTree = "<group>"; };
		E54D3B542B6353FE005C961D /* Base */ = {isa = PBXFileReference; lastKnownFileType = file.storyboard; name = Base; path = Base.lproj/LaunchScreen.storyboard; sourceTree = "<group>"; };
		E54D3B562B6353FE005C961D /* Info.plist */ = {isa = PBXFileReference; lastKnownFileType = text.plist.xml; path = Info.plist; sourceTree = "<group>"; };
		E54D3B5B2B6353FE005C961D /* ProgressBarTests.xctest */ = {isa = PBXFileReference; explicitFileType = wrapper.cfbundle; includeInIndex = 0; path = ProgressBarTests.xctest; sourceTree = BUILT_PRODUCTS_DIR; };
		E54D3B5F2B6353FE005C961D /* ProgressBarTests.swift */ = {isa = PBXFileReference; lastKnownFileType = sourcecode.swift; path = ProgressBarTests.swift; sourceTree = "<group>"; };
		E54D3B652B6353FE005C961D /* ProgressBarUITests.xctest */ = {isa = PBXFileReference; explicitFileType = wrapper.cfbundle; includeInIndex = 0; path = ProgressBarUITests.xctest; sourceTree = BUILT_PRODUCTS_DIR; };
		E54D3B692B6353FE005C961D /* ProgressBarUITests.swift */ = {isa = PBXFileReference; lastKnownFileType = sourcecode.swift; path = ProgressBarUITests.swift; sourceTree = "<group>"; };
		E54D3B6B2B6353FE005C961D /* ProgressBarUITestsLaunchTests.swift */ = {isa = PBXFileReference; lastKnownFileType = sourcecode.swift; path = ProgressBarUITestsLaunchTests.swift; sourceTree = "<group>"; };
/* End PBXFileReference section */

/* Begin PBXFrameworksBuildPhase section */
		E54D3B422B6353FD005C961D /* Frameworks */ = {
			isa = PBXFrameworksBuildPhase;
			buildActionMask = 2147483647;
			files = (
			);
			runOnlyForDeploymentPostprocessing = 0;
		};
		E54D3B582B6353FE005C961D /* Frameworks */ = {
			isa = PBXFrameworksBuildPhase;
			buildActionMask = 2147483647;
			files = (
			);
			runOnlyForDeploymentPostprocessing = 0;
		};
		E54D3B622B6353FE005C961D /* Frameworks */ = {
			isa = PBXFrameworksBuildPhase;
			buildActionMask = 2147483647;
			files = (
			);
			runOnlyForDeploymentPostprocessing = 0;
		};
/* End PBXFrameworksBuildPhase section */

/* Begin PBXGroup section */
		E54D3B3C2B6353FD005C961D = {
			isa = PBXGroup;
			children = (
				E54D3B472B6353FD005C961D /* ProgressBar */,
				E54D3B5E2B6353FE005C961D /* ProgressBarTests */,
				E54D3B682B6353FE005C961D /* ProgressBarUITests */,
				E54D3B462B6353FD005C961D /* Products */,
			);
			sourceTree = "<group>";
		};
		E54D3B462B6353FD005C961D /* Products */ = {
			isa = PBXGroup;
			children = (
				E54D3B452B6353FD005C961D /* ProgressBar.app */,
				E54D3B5B2B6353FE005C961D /* ProgressBarTests.xctest */,
				E54D3B652B6353FE005C961D /* ProgressBarUITests.xctest */,
			);
			name = Products;
			sourceTree = "<group>";
		};
		E54D3B472B6353FD005C961D /* ProgressBar */ = {
			isa = PBXGroup;
			children = (
				E54D3B482B6353FD005C961D /* AppDelegate.swift */,
				E54D3B4A2B6353FD005C961D /* SceneDelegate.swift */,
				E54D3B4C2B6353FD005C961D /* ViewController.swift */,
				E54D3B512B6353FE005C961D /* Assets.xcassets */,
				E54D3B532B6353FE005C961D /* LaunchScreen.storyboard */,
				E54D3B562B6353FE005C961D /* Info.plist */,
			);
			path = ProgressBar;
			sourceTree = "<group>";
		};
		E54D3B5E2B6353FE005C961D /* ProgressBarTests */ = {
			isa = PBXGroup;
			children = (
				E54D3B5F2B6353FE005C961D /* ProgressBarTests.swift */,
			);
			path = ProgressBarTests;
			sourceTree = "<group>";
		};
		E54D3B682B6353FE005C961D /* ProgressBarUITests */ = {
			isa = PBXGroup;
			children = (
				E54D3B692B6353FE005C961D /* ProgressBarUITests.swift */,
				E54D3B6B2B6353FE005C961D /* ProgressBarUITestsLaunchTests.swift */,
			);
			path = ProgressBarUITests;
			sourceTree = "<group>";
		};
/* End PBXGroup section */

/* Begin PBXNativeTarget section */
		E54D3B442B6353FD005C961D /* ProgressBar */ = {
			isa = PBXNativeTarget;
			buildConfigurationList = E54D3B6F2B6353FE005C961D /* Build configuration list for PBXNativeTarget "ProgressBar" */;
			buildPhases = (
				E54D3B412B6353FD005C961D /* Sources */,
				E54D3B422B6353FD005C961D /* Frameworks */,
				E54D3B432B6353FD005C961D /* Resources */,
			);
			buildRules = (
			);
			dependencies = (
			);
			name = ProgressBar;
			productName = ProgressBar;
			productReference = E54D3B452B6353FD005C961D /* ProgressBar.app */;
			productType = "com.apple.product-type.application";
		};
		E54D3B5A2B6353FE005C961D /* ProgressBarTests */ = {
			isa = PBXNativeTarget;
			buildConfigurationList = E54D3B722B6353FE005C961D /* Build configuration list for PBXNativeTarget "ProgressBarTests" */;
			buildPhases = (
				E54D3B572B6353FE005C961D /* Sources */,
				E54D3B582B6353FE005C961D /* Frameworks */,
				E54D3B592B6353FE005C961D /* Resources */,
			);
			buildRules = (
			);
			dependencies = (
				E54D3B5D2B6353FE005C961D /* PBXTargetDependency */,
			);
			name = ProgressBarTests;
			productName = ProgressBarTests;
			productReference = E54D3B5B2B6353FE005C961D /* ProgressBarTests.xctest */;
			productType = "com.apple.product-type.bundle.unit-test";
		};
		E54D3B642B6353FE005C961D /* ProgressBarUITests */ = {
			isa = PBXNativeTarget;
			buildConfigurationList = E54D3B752B6353FE005C961D /* Build configuration list for PBXNativeTarget "ProgressBarUITests" */;
			buildPhases = (
				E54D3B612B6353FE005C961D /* Sources */,
				E54D3B622B6353FE005C961D /* Frameworks */,
				E54D3B632B6353FE005C961D /* Resources */,
			);
			buildRules = (
			);
			dependencies = (
				E54D3B672B6353FE005C961D /* PBXTargetDependency */,
			);
			name = ProgressBarUITests;
			productName = ProgressBarUITests;
			productReference = E54D3B652B6353FE005C961D /* ProgressBarUITests.xctest */;
			productType = "com.apple.product-type.bundle.ui-testing";
		};
/* End PBXNativeTarget section */

/* Begin PBXProject section */
		E54D3B3D2B6353FD005C961D /* Project object */ = {
			isa = PBXProject;
			attributes = {
				BuildIndependentTargetsInParallel = 1;
				LastSwiftUpdateCheck = 1520;
				LastUpgradeCheck = 1520;
				TargetAttributes = {
					E54D3B442B6353FD005C961D = {
						CreatedOnToolsVersion = 15.2;
					};
					E54D3B5A2B6353FE005C961D = {
						CreatedOnToolsVersion = 15.2;
						TestTargetID = E54D3B442B6353FD005C961D;
					};
					E54D3B642B6353FE005C961D = {
						CreatedOnToolsVersion = 15.2;
						TestTargetID = E54D3B442B6353FD005C961D;
					};
				};
			};
			buildConfigurationList = E54D3B402B6353FD005C961D /* Build configuration list for PBXProject "ProgressBar" */;
			compatibilityVersion = "Xcode 14.0";
			developmentRegion = en;
			hasScannedForEncodings = 0;
			knownRegions = (
				en,
				Base,
			);
			mainGroup = E54D3B3C2B6353FD005C961D;
			productRefGroup = E54D3B462B6353FD005C961D /* Products */;
			projectDirPath = "";
			projectRoot = "";
			targets = (
				E54D3B442B6353FD005C961D /* ProgressBar */,
				E54D3B5A2B6353FE005C961D /* ProgressBarTests */,
				E54D3B642B6353FE005C961D /* ProgressBarUITests */,
			);
		};
/* End PBXProject section */

/* Begin PBXResourcesBuildPhase section */
		E54D3B432B6353FD005C961D /* Resources */ = {
			isa = PBXResourcesBuildPhase;
			buildActionMask = 2147483647;
			files = (
				E54D3B552B6353FE005C961D /* LaunchScreen.storyboard in Resources */,
				E54D3B522B6353FE005C961D /* Assets.xcassets in Resources */,
			);
			runOnlyForDeploymentPostprocessing = 0;
		};
		E54D3B592B6353FE005C961D /* Resources */ = {
			isa = PBXResourcesBuildPhase;
			buildActionMask = 2147483647;
			files = (
			);
			runOnlyForDeploymentPostprocessing = 0;
		};
		E54D3B632B6353FE005C961D /* Resources */ = {
			isa = PBXResourcesBuildPhase;
			buildActionMask = 2147483647;
			files = (
			);
			runOnlyForDeploymentPostprocessing = 0;
		};
/* End PBXResourcesBuildPhase section */

/* Begin PBXSourcesBuildPhase section */
		E54D3B412B6353FD005C961D /* Sources */ = {
			isa = PBXSourcesBuildPhase;
			buildActionMask = 2147483647;
			files = (
				E54D3B4D2B6353FD005C961D /* ViewController.swift in Sources */,
				E54D3B492B6353FD005C961D /* AppDelegate.swift in Sources */,
				E54D3B4B2B6353FD005C961D /* SceneDelegate.swift in Sources */,
			);
			runOnlyForDeploymentPostprocessing = 0;
		};
		E54D3B572B6353FE005C961D /* Sources */ = {
			isa = PBXSourcesBuildPhase;
			buildActionMask = 2147483647;
			files = (
				E54D3B602B6353FE005C961D /* ProgressBarTests.swift in Sources */,
			);
			runOnlyForDeploymentPostprocessing = 0;
		};
		E54D3B612B6353FE005C961D /* Sources */ = {
			isa = PBXSourcesBuildPhase;
			buildActionMask = 2147483647;
			files = (
				E54D3B6A2B6353FE005C961D /* ProgressBarUITests.swift in Sources */,
				E54D3B6C2B6353FE005C961D /* ProgressBarUITestsLaunchTests.swift in Sources */,
			);
			runOnlyForDeploymentPostprocessing = 0;
		};
/* End PBXSourcesBuildPhase section */

/* Begin PBXTargetDependency section */
		E54D3B5D2B6353FE005C961D /* PBXTargetDependency */ = {
			isa = PBXTargetDependency;
			target = E54D3B442B6353FD005C961D /* ProgressBar */;
			targetProxy = E54D3B5C2B6353FE005C961D /* PBXContainerItemProxy */;
		};
		E54D3B672B6353FE005C961D /* PBXTargetDependency */ = {
			isa = PBXTargetDependency;
			target = E54D3B442B6353FD005C961D /* ProgressBar */;
			targetProxy = E54D3B662B6353FE005C961D /* PBXContainerItemProxy */;
		};
/* End PBXTargetDependency section */

/* Begin PBXVariantGroup section */
		E54D3B532B6353FE005C961D /* LaunchScreen.storyboard */ = {
			isa = PBXVariantGroup;
			children = (
				E54D3B542B6353FE005C961D /* Base */,
			);
			name = LaunchScreen.storyboard;
			sourceTree = "<group>";
		};
/* End PBXVariantGroup section */

/* Begin XCBuildConfiguration section */
		E54D3B6D2B6353FE005C961D /* Debug */ = {
			isa = XCBuildConfiguration;
			buildSettings = {
				ALWAYS_SEARCH_USER_PATHS = NO;
				ASSETCATALOG_COMPILER_GENERATE_SWIFT_ASSET_SYMBOL_EXTENSIONS = YES;
				CLANG_ANALYZER_NONNULL = YES;
				CLANG_ANALYZER_NUMBER_OBJECT_CONVERSION = YES_AGGRESSIVE;
				CLANG_CXX_LANGUAGE_STANDARD = "gnu++20";
				CLANG_ENABLE_MODULES = YES;
				CLANG_ENABLE_OBJC_ARC = YES;
				CLANG_ENABLE_OBJC_WEAK = YES;
				CLANG_WARN_BLOCK_CAPTURE_AUTORELEASING = YES;
				CLANG_WARN_BOOL_CONVERSION = YES;
				CLANG_WARN_COMMA = YES;
				CLANG_WARN_CONSTANT_CONVERSION = YES;
				CLANG_WARN_DEPRECATED_OBJC_IMPLEMENTATIONS = YES;
				CLANG_WARN_DIRECT_OBJC_ISA_USAGE = YES_ERROR;
				CLANG_WARN_DOCUMENTATION_COMMENTS = YES;
				CLANG_WARN_EMPTY_BODY = YES;
				CLANG_WARN_ENUM_CONVERSION = YES;
				CLANG_WARN_INFINITE_RECURSION = YES;
				CLANG_WARN_INT_CONVERSION = YES;
				CLANG_WARN_NON_LITERAL_NULL_CONVERSION = YES;
				CLANG_WARN_OBJC_IMPLICIT_RETAIN_SELF = YES;
				CLANG_WARN_OBJC_LITERAL_CONVERSION = YES;
				CLANG_WARN_OBJC_ROOT_CLASS = YES_ERROR;
				CLANG_WARN_QUOTED_INCLUDE_IN_FRAMEWORK_HEADER = YES;
				CLANG_WARN_RANGE_LOOP_ANALYSIS = YES;
				CLANG_WARN_STRICT_PROTOTYPES = YES;
				CLANG_WARN_SUSPICIOUS_MOVE = YES;
				CLANG_WARN_UNGUARDED_AVAILABILITY = YES_AGGRESSIVE;
				CLANG_WARN_UNREACHABLE_CODE = YES;
				CLANG_WARN__DUPLICATE_METHOD_MATCH = YES;
				COPY_PHASE_STRIP = NO;
				DEBUG_INFORMATION_FORMAT = dwarf;
				ENABLE_STRICT_OBJC_MSGSEND = YES;
				ENABLE_TESTABILITY = YES;
				ENABLE_USER_SCRIPT_SANDBOXING = YES;
				GCC_C_LANGUAGE_STANDARD = gnu17;
				GCC_DYNAMIC_NO_PIC = NO;
				GCC_NO_COMMON_BLOCKS = YES;
				GCC_OPTIMIZATION_LEVEL = 0;
				GCC_PREPROCESSOR_DEFINITIONS = (
					"DEBUG=1",
					"$(inherited)",
				);
				GCC_WARN_64_TO_32_BIT_CONVERSION = YES;
				GCC_WARN_ABOUT_RETURN_TYPE = YES_ERROR;
				GCC_WARN_UNDECLARED_SELECTOR = YES;
				GCC_WARN_UNINITIALIZED_AUTOS = YES_AGGRESSIVE;
				GCC_WARN_UNUSED_FUNCTION = YES;
				GCC_WARN_UNUSED_VARIABLE = YES;
				IPHONEOS_DEPLOYMENT_TARGET = 17.2;
				LOCALIZATION_PREFERS_STRING_CATALOGS = YES;
				MTL_ENABLE_DEBUG_INFO = INCLUDE_SOURCE;
				MTL_FAST_MATH = YES;
				ONLY_ACTIVE_ARCH = YES;
				SDKROOT = iphoneos;
				SWIFT_ACTIVE_COMPILATION_CONDITIONS = "DEBUG $(inherited)";
				SWIFT_OPTIMIZATION_LEVEL = "-Onone";
			};
			name = Debug;
		};
		E54D3B6E2B6353FE005C961D /* Release */ = {
			isa = XCBuildConfiguration;
			buildSettings = {
				ALWAYS_SEARCH_USER_PATHS = NO;
				ASSETCATALOG_COMPILER_GENERATE_SWIFT_ASSET_SYMBOL_EXTENSIONS = YES;
				CLANG_ANALYZER_NONNULL = YES;
				CLANG_ANALYZER_NUMBER_OBJECT_CONVERSION = YES_AGGRESSIVE;
				CLANG_CXX_LANGUAGE_STANDARD = "gnu++20";
				CLANG_ENABLE_MODULES = YES;
				CLANG_ENABLE_OBJC_ARC = YES;
				CLANG_ENABLE_OBJC_WEAK = YES;
				CLANG_WARN_BLOCK_CAPTURE_AUTORELEASING = YES;
				CLANG_WARN_BOOL_CONVERSION = YES;
				CLANG_WARN_COMMA = YES;
				CLANG_WARN_CONSTANT_CONVERSION = YES;
				CLANG_WARN_DEPRECATED_OBJC_IMPLEMENTATIONS = YES;
				CLANG_WARN_DIRECT_OBJC_ISA_USAGE = YES_ERROR;
				CLANG_WARN_DOCUMENTATION_COMMENTS = YES;
				CLANG_WARN_EMPTY_BODY = YES;
				CLANG_WARN_ENUM_CONVERSION = YES;
				CLANG_WARN_INFINITE_RECURSION = YES;
				CLANG_WARN_INT_CONVERSION = YES;
				CLANG_WARN_NON_LITERAL_NULL_CONVERSION = YES;
				CLANG_WARN_OBJC_IMPLICIT_RETAIN_SELF = YES;
				CLANG_WARN_OBJC_LITERAL_CONVERSION = YES;
				CLANG_WARN_OBJC_ROOT_CLASS = YES_ERROR;
				CLANG_WARN_QUOTED_INCLUDE_IN_FRAMEWORK_HEADER = YES;
				CLANG_WARN_RANGE_LOOP_ANALYSIS = YES;
				CLANG_WARN_STRICT_PROTOTYPES = YES;
				CLANG_WARN_SUSPICIOUS_MOVE = YES;
				CLANG_WARN_UNGUARDED_AVAILABILITY = YES_AGGRESSIVE;
				CLANG_WARN_UNREACHABLE_CODE = YES;
				CLANG_WARN__DUPLICATE_METHOD_MATCH = YES;
				COPY_PHASE_STRIP = NO;
				DEBUG_INFORMATION_FORMAT = "dwarf-with-dsym";
				ENABLE_NS_ASSERTIONS = NO;
				ENABLE_STRICT_OBJC_MSGSEND = YES;
				ENABLE_USER_SCRIPT_SANDBOXING = YES;
				GCC_C_LANGUAGE_STANDARD = gnu17;
				GCC_NO_COMMON_BLOCKS = YES;
				GCC_WARN_64_TO_32_BIT_CONVERSION = YES;
				GCC_WARN_ABOUT_RETURN_TYPE = YES_ERROR;
				GCC_WARN_UNDECLARED_SELECTOR = YES;
				GCC_WARN_UNINITIALIZED_AUTOS = YES_AGGRESSIVE;
				GCC_WARN_UNUSED_FUNCTION = YES;
				GCC_WARN_UNUSED_VARIABLE = YES;
				IPHONEOS_DEPLOYMENT_TARGET = 17.2;
				LOCALIZATION_PREFERS_STRING_CATALOGS = YES;
				MTL_ENABLE_DEBUG_INFO = NO;
				MTL_FAST_MATH = YES;
				SDKROOT = iphoneos;
				SWIFT_COMPILATION_MODE = wholemodule;
				VALIDATE_PRODUCT = YES;
			};
			name = Release;
		};
		E54D3B702B6353FE005C961D /* Debug */ = {
			isa = XCBuildConfiguration;
			buildSettings = {
				ASSETCATALOG_COMPILER_APPICON_NAME = AppIcon;
				ASSETCATALOG_COMPILER_GLOBAL_ACCENT_COLOR_NAME = AccentColor;
				CODE_SIGN_STYLE = Automatic;
				CURRENT_PROJECT_VERSION = 1;
				DEVELOPMENT_TEAM = P5U3KF2575;
				GENERATE_INFOPLIST_FILE = YES;
				INFOPLIST_FILE = ProgressBar/Info.plist;
				INFOPLIST_KEY_UIApplicationSupportsIndirectInputEvents = YES;
				INFOPLIST_KEY_UILaunchStoryboardName = LaunchScreen;
				INFOPLIST_KEY_UIMainStoryboardFile = "";
				INFOPLIST_KEY_UISupportedInterfaceOrientations_iPad = "UIInterfaceOrientationPortrait UIInterfaceOrientationPortraitUpsideDown UIInterfaceOrientationLandscapeLeft UIInterfaceOrientationLandscapeRight";
				INFOPLIST_KEY_UISupportedInterfaceOrientations_iPhone = "UIInterfaceOrientationPortrait UIInterfaceOrientationLandscapeLeft UIInterfaceOrientationLandscapeRight";
				LD_RUNPATH_SEARCH_PATHS = (
					"$(inherited)",
					"@executable_path/Frameworks",
				);
				MARKETING_VERSION = 1.0;
				PRODUCT_BUNDLE_IDENTIFIER = mpc.ProgressBar;
				PRODUCT_NAME = "$(TARGET_NAME)";
				SWIFT_EMIT_LOC_STRINGS = YES;
				SWIFT_VERSION = 5.0;
				TARGETED_DEVICE_FAMILY = "1,2";
			};
			name = Debug;
		};
		E54D3B712B6353FE005C961D /* Release */ = {
			isa = XCBuildConfiguration;
			buildSettings = {
				ASSETCATALOG_COMPILER_APPICON_NAME = AppIcon;
				ASSETCATALOG_COMPILER_GLOBAL_ACCENT_COLOR_NAME = AccentColor;
				CODE_SIGN_STYLE = Automatic;
				CURRENT_PROJECT_VERSION = 1;
				DEVELOPMENT_TEAM = P5U3KF2575;
				GENERATE_INFOPLIST_FILE = YES;
				INFOPLIST_FILE = ProgressBar/Info.plist;
				INFOPLIST_KEY_UIApplicationSupportsIndirectInputEvents = YES;
				INFOPLIST_KEY_UILaunchStoryboardName = LaunchScreen;
				INFOPLIST_KEY_UIMainStoryboardFile = "";
				INFOPLIST_KEY_UISupportedInterfaceOrientations_iPad = "UIInterfaceOrientationPortrait UIInterfaceOrientationPortraitUpsideDown UIInterfaceOrientationLandscapeLeft UIInterfaceOrientationLandscapeRight";
				INFOPLIST_KEY_UISupportedInterfaceOrientations_iPhone = "UIInterfaceOrientationPortrait UIInterfaceOrientationLandscapeLeft UIInterfaceOrientationLandscapeRight";
				LD_RUNPATH_SEARCH_PATHS = (
					"$(inherited)",
					"@executable_path/Frameworks",
				);
				MARKETING_VERSION = 1.0;
				PRODUCT_BUNDLE_IDENTIFIER = mpc.ProgressBar;
				PRODUCT_NAME = "$(TARGET_NAME)";
				SWIFT_EMIT_LOC_STRINGS = YES;
				SWIFT_VERSION = 5.0;
				TARGETED_DEVICE_FAMILY = "1,2";
			};
			name = Release;
		};
		E54D3B732B6353FE005C961D /* Debug */ = {
			isa = XCBuildConfiguration;
			buildSettings = {
				ALWAYS_EMBED_SWIFT_STANDARD_LIBRARIES = YES;
				BUNDLE_LOADER = "$(TEST_HOST)";
				CODE_SIGN_STYLE = Automatic;
				CURRENT_PROJECT_VERSION = 1;
				DEVELOPMENT_TEAM = P5U3KF2575;
				GENERATE_INFOPLIST_FILE = YES;
				IPHONEOS_DEPLOYMENT_TARGET = 17.2;
				MARKETING_VERSION = 1.0;
				PRODUCT_BUNDLE_IDENTIFIER = mpc.ProgressBarTests;
				PRODUCT_NAME = "$(TARGET_NAME)";
				SWIFT_EMIT_LOC_STRINGS = NO;
				SWIFT_VERSION = 5.0;
				TARGETED_DEVICE_FAMILY = "1,2";
				TEST_HOST = "$(BUILT_PRODUCTS_DIR)/ProgressBar.app/$(BUNDLE_EXECUTABLE_FOLDER_PATH)/ProgressBar";
			};
			name = Debug;
		};
		E54D3B742B6353FE005C961D /* Release */ = {
			isa = XCBuildConfiguration;
			buildSettings = {
				ALWAYS_EMBED_SWIFT_STANDARD_LIBRARIES = YES;
				BUNDLE_LOADER = "$(TEST_HOST)";
				CODE_SIGN_STYLE = Automatic;
				CURRENT_PROJECT_VERSION = 1;
				DEVELOPMENT_TEAM = P5U3KF2575;
				GENERATE_INFOPLIST_FILE = YES;
				IPHONEOS_DEPLOYMENT_TARGET = 17.2;
				MARKETING_VERSION = 1.0;
				PRODUCT_BUNDLE_IDENTIFIER = mpc.ProgressBarTests;
				PRODUCT_NAME = "$(TARGET_NAME)";
				SWIFT_EMIT_LOC_STRINGS = NO;
				SWIFT_VERSION = 5.0;
				TARGETED_DEVICE_FAMILY = "1,2";
				TEST_HOST = "$(BUILT_PRODUCTS_DIR)/ProgressBar.app/$(BUNDLE_EXECUTABLE_FOLDER_PATH)/ProgressBar";
			};
			name = Release;
		};
		E54D3B762B6353FE005C961D /* Debug */ = {
			isa = XCBuildConfiguration;
			buildSettings = {
				ALWAYS_EMBED_SWIFT_STANDARD_LIBRARIES = YES;
				CODE_SIGN_STYLE = Automatic;
				CURRENT_PROJECT_VERSION = 1;
				DEVELOPMENT_TEAM = P5U3KF2575;
				GENERATE_INFOPLIST_FILE = YES;
				MARKETING_VERSION = 1.0;
				PRODUCT_BUNDLE_IDENTIFIER = mpc.ProgressBarUITests;
				PRODUCT_NAME = "$(TARGET_NAME)";
				SWIFT_EMIT_LOC_STRINGS = NO;
				SWIFT_VERSION = 5.0;
				TARGETED_DEVICE_FAMILY = "1,2";
				TEST_TARGET_NAME = ProgressBar;
			};
			name = Debug;
		};
		E54D3B772B6353FE005C961D /* Release */ = {
			isa = XCBuildConfiguration;
			buildSettings = {
				ALWAYS_EMBED_SWIFT_STANDARD_LIBRARIES = YES;
				CODE_SIGN_STYLE = Automatic;
				CURRENT_PROJECT_VERSION = 1;
				DEVELOPMENT_TEAM = P5U3KF2575;
				GENERATE_INFOPLIST_FILE = YES;
				MARKETING_VERSION = 1.0;
				PRODUCT_BUNDLE_IDENTIFIER = mpc.ProgressBarUITests;
				PRODUCT_NAME = "$(TARGET_NAME)";
				SWIFT_EMIT_LOC_STRINGS = NO;
				SWIFT_VERSION = 5.0;
				TARGETED_DEVICE_FAMILY = "1,2";
				TEST_TARGET_NAME = ProgressBar;
			};
			name = Release;
		};
/* End XCBuildConfiguration section */

/* Begin XCConfigurationList section */
		E54D3B402B6353FD005C961D /* Build configuration list for PBXProject "ProgressBar" */ = {
			isa = XCConfigurationList;
			buildConfigurations = (
				E54D3B6D2B6353FE005C961D /* Debug */,
				E54D3B6E2B6353FE005C961D /* Release */,
			);
			defaultConfigurationIsVisible = 0;
			defaultConfigurationName = Release;
		};
		E54D3B6F2B6353FE005C961D /* Build configuration list for PBXNativeTarget "ProgressBar" */ = {
			isa = XCConfigurationList;
			buildConfigurations = (
				E54D3B702B6353FE005C961D /* Debug */,
				E54D3B712B6353FE005C961D /* Release */,
			);
			defaultConfigurationIsVisible = 0;
			defaultConfigurationName = Release;
		};
		E54D3B722B6353FE005C961D /* Build configuration list for PBXNativeTarget "ProgressBarTests" */ = {
			isa = XCConfigurationList;
			buildConfigurations = (
				E54D3B732B6353FE005C961D /* Debug */,
				E54D3B742B6353FE005C961D /* Release */,
			);
			defaultConfigurationIsVisible = 0;
			defaultConfigurationName = Release;
		};
		E54D3B752B6353FE005C961D /* Build configuration list for PBXNativeTarget "ProgressBarUITests" */ = {
			isa = XCConfigurationList;
			buildConfigurations = (
				E54D3B762B6353FE005C961D /* Debug */,
				E54D3B772B6353FE005C961D /* Release */,
			);
			defaultConfigurationIsVisible = 0;
			defaultConfigurationName = Release;
		};
/* End XCConfigurationList section */
	};
	rootObject = E54D3B3D2B6353FD005C961D /* Project object */;
}
